
Microsoft Visual Studio Solution File, Format Version 12.00
# Visual Studio 15
VisualStudioVersion = 15.0.27130.2026
MinimumVisualStudioVersion = 10.0.40219.1
Project("{A0786B88-2ADB-4C21-ABE8-AA2D79766269}") = "Reyker.OnboardingConsumer.PHP", "Reyker.OnboardingConsumer.PHP\Reyker.OnboardingConsumer.PHP.phpproj", "{B29B318D-080A-4C71-ABBD-4231EB3CBB4B}"
EndProject
Global
	GlobalSection(SolutionConfigurationPlatforms) = preSolution
		Debug|Any CPU = Debug|Any CPU
		Release|Any CPU = Release|Any CPU
	EndGlobalSection
	GlobalSection(ProjectConfigurationPlatforms) = postSolution
		{B29B318D-080A-4C71-ABBD-4231EB3CBB4B}.Debug|Any CPU.ActiveCfg = Debug|Any CPU
		{B29B318D-080A-4C71-ABBD-4231EB3CBB4B}.Release|Any CPU.ActiveCfg = Release|Any CPU
	EndGlobalSection
	GlobalSection(SolutionProperties) = preSolution
		HideSolutionNode = FALSE
	EndGlobalSection
	GlobalSection(ExtensibilityGlobals) = postSolution
		SolutionGuid = {C152F4D6-BF20-4C0E-8DFE-57793912EF79}
	EndGlobalSection
EndGlobal
